{
  "name": "projeto-linux-embarcado",
  "version": "1.0.0",
  "description": "Servidor web e interface para monitoramento de temperatura de sensor DS18B20",
  "main": "server.js",
  "scripts": {
    "start": "node server.js"
  },
  "dependencies": {
    "express": "^4.19.2",
    "socket.io": "^4.7.5",
    "csv-writer": "^1.6.0"
  }
}